
Microsoft Visual Studio Solution File, Format Version 12.00
# Visual Studio Version 17
VisualStudioVersion = 17.11.35312.102
MinimumVisualStudioVersion = 10.0.40219.1
Project("{FAE04EC0-301F-11D3-BF4B-00C04F79EFBC}") = "HelloWorld", "HelloWorld\HelloWorld.csproj", "{2F92E316-395C-4009-9865-D9FA39B849DC}"
EndProject
Global
	GlobalSection(SolutionConfigurationPlatforms) = preSolution
		Debug|Any CPU = Debug|Any CPU
		Release|Any CPU = Release|Any CPU
	EndGlobalSection
	GlobalSection(ProjectConfigurationPlatforms) = postSolution
		{2F92E316-395C-4009-9865-D9FA39B849DC}.Debug|Any CPU.ActiveCfg = Debug|Any CPU
		{2F92E316-395C-4009-9865-D9FA39B849DC}.Debug|Any CPU.Build.0 = Debug|Any CPU
		{2F92E316-395C-4009-9865-D9FA39B849DC}.Release|Any CPU.ActiveCfg = Release|Any CPU
		{2F92E316-395C-4009-9865-D9FA39B849DC}.Release|Any CPU.Build.0 = Release|Any CPU
	EndGlobalSection
	GlobalSection(SolutionProperties) = preSolution
		HideSolutionNode = FALSE
	EndGlobalSection
	GlobalSection(ExtensibilityGlobals) = postSolution
		SolutionGuid = {2937F4E7-01C4-4A73-B75C-C2F656D51329}
	EndGlobalSection
EndGlobal
